
Microsoft Visual Studio Solution File, Format Version 12.00
# Visual Studio Version 16
VisualStudioVersion = 16.0.30114.105
MinimumVisualStudioVersion = 10.0.40219.1
Project("{FAE04EC0-301F-11D3-BF4B-00C04F79EFBC}") = "Procedural_Prog", "Procedural_Prog\Procedural_Prog.csproj", "{4FEF036A-48AA-466A-AD75-FEAE8B48EA83}"
EndProject
Global
	GlobalSection(SolutionConfigurationPlatforms) = preSolution
		Debug|Any CPU = Debug|Any CPU
		Release|Any CPU = Release|Any CPU
	EndGlobalSection
	GlobalSection(ProjectConfigurationPlatforms) = postSolution
		{4FEF036A-48AA-466A-AD75-FEAE8B48EA83}.Debug|Any CPU.ActiveCfg = Debug|Any CPU
		{4FEF036A-48AA-466A-AD75-FEAE8B48EA83}.Debug|Any CPU.Build.0 = Debug|Any CPU
		{4FEF036A-48AA-466A-AD75-FEAE8B48EA83}.Release|Any CPU.ActiveCfg = Release|Any CPU
		{4FEF036A-48AA-466A-AD75-FEAE8B48EA83}.Release|Any CPU.Build.0 = Release|Any CPU
	EndGlobalSection
	GlobalSection(SolutionProperties) = preSolution
		HideSolutionNode = FALSE
	EndGlobalSection
	GlobalSection(ExtensibilityGlobals) = postSolution
		SolutionGuid = {379C6687-77B1-44E8-8FCD-6B14A356F2CD}
	EndGlobalSection
EndGlobal
