
Microsoft Visual Studio Solution File, Format Version 12.00
# Visual Studio Version 16
VisualStudioVersion = 16.0.30114.105
MinimumVisualStudioVersion = 10.0.40219.1
Project("{FAE04EC0-301F-11D3-BF4B-00C04F79EFBC}") = "Val_vs_Rref", "Val_vs_Rref\Val_vs_Rref.csproj", "{41E8C630-7C80-479C-88A7-C781C22ADA48}"
EndProject
Global
	GlobalSection(SolutionConfigurationPlatforms) = preSolution
		Debug|Any CPU = Debug|Any CPU
		Release|Any CPU = Release|Any CPU
	EndGlobalSection
	GlobalSection(ProjectConfigurationPlatforms) = postSolution
		{41E8C630-7C80-479C-88A7-C781C22ADA48}.Debug|Any CPU.ActiveCfg = Debug|Any CPU
		{41E8C630-7C80-479C-88A7-C781C22ADA48}.Debug|Any CPU.Build.0 = Debug|Any CPU
		{41E8C630-7C80-479C-88A7-C781C22ADA48}.Release|Any CPU.ActiveCfg = Release|Any CPU
		{41E8C630-7C80-479C-88A7-C781C22ADA48}.Release|Any CPU.Build.0 = Release|Any CPU
	EndGlobalSection
	GlobalSection(SolutionProperties) = preSolution
		HideSolutionNode = FALSE
	EndGlobalSection
	GlobalSection(ExtensibilityGlobals) = postSolution
		SolutionGuid = {AEA72CDF-01F0-41E4-9702-CBC59B972E77}
	EndGlobalSection
EndGlobal
