
Microsoft Visual Studio Solution File, Format Version 12.00
# Visual Studio Version 16
VisualStudioVersion = 16.0.30114.105
MinimumVisualStudioVersion = 10.0.40219.1
Project("{FAE04EC0-301F-11D3-BF4B-00C04F79EFBC}") = "String_Build", "String_Build\String_Build.csproj", "{61B30606-9116-4C65-B7D6-20D8E5118663}"
EndProject
Global
	GlobalSection(SolutionConfigurationPlatforms) = preSolution
		Debug|Any CPU = Debug|Any CPU
		Release|Any CPU = Release|Any CPU
	EndGlobalSection
	GlobalSection(ProjectConfigurationPlatforms) = postSolution
		{61B30606-9116-4C65-B7D6-20D8E5118663}.Debug|Any CPU.ActiveCfg = Debug|Any CPU
		{61B30606-9116-4C65-B7D6-20D8E5118663}.Debug|Any CPU.Build.0 = Debug|Any CPU
		{61B30606-9116-4C65-B7D6-20D8E5118663}.Release|Any CPU.ActiveCfg = Release|Any CPU
		{61B30606-9116-4C65-B7D6-20D8E5118663}.Release|Any CPU.Build.0 = Release|Any CPU
	EndGlobalSection
	GlobalSection(SolutionProperties) = preSolution
		HideSolutionNode = FALSE
	EndGlobalSection
	GlobalSection(ExtensibilityGlobals) = postSolution
		SolutionGuid = {D1B337A1-21CA-4E76-A5E0-43C25A116EC1}
	EndGlobalSection
EndGlobal
