
Microsoft Visual Studio Solution File, Format Version 12.00
# Visual Studio Version 16
VisualStudioVersion = 16.0.30114.105
MinimumVisualStudioVersion = 10.0.40219.1
Project("{FAE04EC0-301F-11D3-BF4B-00C04F79EFBC}") = "StringDemo", "StringDemo\StringDemo.csproj", "{417BF82C-B262-4C0D-9749-F5B489356F44}"
EndProject
Global
	GlobalSection(SolutionConfigurationPlatforms) = preSolution
		Debug|Any CPU = Debug|Any CPU
		Release|Any CPU = Release|Any CPU
	EndGlobalSection
	GlobalSection(ProjectConfigurationPlatforms) = postSolution
		{417BF82C-B262-4C0D-9749-F5B489356F44}.Debug|Any CPU.ActiveCfg = Debug|Any CPU
		{417BF82C-B262-4C0D-9749-F5B489356F44}.Debug|Any CPU.Build.0 = Debug|Any CPU
		{417BF82C-B262-4C0D-9749-F5B489356F44}.Release|Any CPU.ActiveCfg = Release|Any CPU
		{417BF82C-B262-4C0D-9749-F5B489356F44}.Release|Any CPU.Build.0 = Release|Any CPU
	EndGlobalSection
	GlobalSection(SolutionProperties) = preSolution
		HideSolutionNode = FALSE
	EndGlobalSection
	GlobalSection(ExtensibilityGlobals) = postSolution
		SolutionGuid = {D13307C0-6662-4D04-ACB7-E88732158B7F}
	EndGlobalSection
EndGlobal
