
Microsoft Visual Studio Solution File, Format Version 12.00
# Visual Studio Version 16
VisualStudioVersion = 16.0.30114.105
MinimumVisualStudioVersion = 10.0.40219.1
Project("{FAE04EC0-301F-11D3-BF4B-00C04F79EFBC}") = "Excercise1", "Excercise1\Excercise1.csproj", "{074AEA77-B845-49AA-BC23-6B33F7C75FAE}"
EndProject
Global
	GlobalSection(SolutionConfigurationPlatforms) = preSolution
		Debug|Any CPU = Debug|Any CPU
		Release|Any CPU = Release|Any CPU
	EndGlobalSection
	GlobalSection(ProjectConfigurationPlatforms) = postSolution
		{074AEA77-B845-49AA-BC23-6B33F7C75FAE}.Debug|Any CPU.ActiveCfg = Debug|Any CPU
		{074AEA77-B845-49AA-BC23-6B33F7C75FAE}.Debug|Any CPU.Build.0 = Debug|Any CPU
		{074AEA77-B845-49AA-BC23-6B33F7C75FAE}.Release|Any CPU.ActiveCfg = Release|Any CPU
		{074AEA77-B845-49AA-BC23-6B33F7C75FAE}.Release|Any CPU.Build.0 = Release|Any CPU
	EndGlobalSection
	GlobalSection(SolutionProperties) = preSolution
		HideSolutionNode = FALSE
	EndGlobalSection
	GlobalSection(ExtensibilityGlobals) = postSolution
		SolutionGuid = {8936F3EF-7939-4A9F-9DA1-D10C672B3D94}
	EndGlobalSection
EndGlobal
