
Microsoft Visual Studio Solution File, Format Version 12.00
# Visual Studio Version 16
VisualStudioVersion = 16.0.30114.105
MinimumVisualStudioVersion = 10.0.40219.1
Project("{FAE04EC0-301F-11D3-BF4B-00C04F79EFBC}") = "ArrayStuff", "ArrayStuff\ArrayStuff.csproj", "{259370A6-4C94-4005-A9EC-B410B6E7A39A}"
EndProject
Global
	GlobalSection(SolutionConfigurationPlatforms) = preSolution
		Debug|Any CPU = Debug|Any CPU
		Release|Any CPU = Release|Any CPU
	EndGlobalSection
	GlobalSection(ProjectConfigurationPlatforms) = postSolution
		{259370A6-4C94-4005-A9EC-B410B6E7A39A}.Debug|Any CPU.ActiveCfg = Debug|Any CPU
		{259370A6-4C94-4005-A9EC-B410B6E7A39A}.Debug|Any CPU.Build.0 = Debug|Any CPU
		{259370A6-4C94-4005-A9EC-B410B6E7A39A}.Release|Any CPU.ActiveCfg = Release|Any CPU
		{259370A6-4C94-4005-A9EC-B410B6E7A39A}.Release|Any CPU.Build.0 = Release|Any CPU
	EndGlobalSection
	GlobalSection(SolutionProperties) = preSolution
		HideSolutionNode = FALSE
	EndGlobalSection
	GlobalSection(ExtensibilityGlobals) = postSolution
		SolutionGuid = {02CD04EB-1816-462E-94BD-56F22F9E9B69}
	EndGlobalSection
EndGlobal
