
Microsoft Visual Studio Solution File, Format Version 12.00
# Visual Studio Version 16
VisualStudioVersion = 16.0.30114.105
MinimumVisualStudioVersion = 10.0.40219.1
Project("{FAE04EC0-301F-11D3-BF4B-00C04F79EFBC}") = "Lists", "Lists\Lists.csproj", "{73F466A7-0DF9-45BF-9909-DEBBF5A78D0A}"
EndProject
Global
	GlobalSection(SolutionConfigurationPlatforms) = preSolution
		Debug|Any CPU = Debug|Any CPU
		Release|Any CPU = Release|Any CPU
	EndGlobalSection
	GlobalSection(ProjectConfigurationPlatforms) = postSolution
		{73F466A7-0DF9-45BF-9909-DEBBF5A78D0A}.Debug|Any CPU.ActiveCfg = Debug|Any CPU
		{73F466A7-0DF9-45BF-9909-DEBBF5A78D0A}.Debug|Any CPU.Build.0 = Debug|Any CPU
		{73F466A7-0DF9-45BF-9909-DEBBF5A78D0A}.Release|Any CPU.ActiveCfg = Release|Any CPU
		{73F466A7-0DF9-45BF-9909-DEBBF5A78D0A}.Release|Any CPU.Build.0 = Release|Any CPU
	EndGlobalSection
	GlobalSection(SolutionProperties) = preSolution
		HideSolutionNode = FALSE
	EndGlobalSection
	GlobalSection(ExtensibilityGlobals) = postSolution
		SolutionGuid = {C7517D20-C320-4FA1-9171-986B19F6E2EA}
	EndGlobalSection
EndGlobal
