
Microsoft Visual Studio Solution File, Format Version 12.00
# Visual Studio Version 16
VisualStudioVersion = 16.0.30114.105
MinimumVisualStudioVersion = 10.0.40219.1
Project("{FAE04EC0-301F-11D3-BF4B-00C04F79EFBC}") = "TypeConversion", "TypeConversion\TypeConversion.csproj", "{9EB18027-D10F-4EA4-8727-154189E7A0DA}"
EndProject
Global
	GlobalSection(SolutionConfigurationPlatforms) = preSolution
		Debug|Any CPU = Debug|Any CPU
		Release|Any CPU = Release|Any CPU
	EndGlobalSection
	GlobalSection(ProjectConfigurationPlatforms) = postSolution
		{9EB18027-D10F-4EA4-8727-154189E7A0DA}.Debug|Any CPU.ActiveCfg = Debug|Any CPU
		{9EB18027-D10F-4EA4-8727-154189E7A0DA}.Debug|Any CPU.Build.0 = Debug|Any CPU
		{9EB18027-D10F-4EA4-8727-154189E7A0DA}.Release|Any CPU.ActiveCfg = Release|Any CPU
		{9EB18027-D10F-4EA4-8727-154189E7A0DA}.Release|Any CPU.Build.0 = Release|Any CPU
	EndGlobalSection
	GlobalSection(SolutionProperties) = preSolution
		HideSolutionNode = FALSE
	EndGlobalSection
	GlobalSection(ExtensibilityGlobals) = postSolution
		SolutionGuid = {2A87CE55-7BB1-4AD0-B1C3-071FF6F02DD7}
	EndGlobalSection
EndGlobal
