
Microsoft Visual Studio Solution File, Format Version 12.00
# Visual Studio Version 16
VisualStudioVersion = 16.0.30114.105
MinimumVisualStudioVersion = 10.0.40219.1
Project("{FAE04EC0-301F-11D3-BF4B-00C04F79EFBC}") = "Class_Fields", "Class_Fields\Class_Fields.csproj", "{2B8B2B18-6D92-46FB-BBB7-E1AF4A8103DD}"
EndProject
Global
	GlobalSection(SolutionConfigurationPlatforms) = preSolution
		Debug|Any CPU = Debug|Any CPU
		Release|Any CPU = Release|Any CPU
	EndGlobalSection
	GlobalSection(ProjectConfigurationPlatforms) = postSolution
		{2B8B2B18-6D92-46FB-BBB7-E1AF4A8103DD}.Debug|Any CPU.ActiveCfg = Debug|Any CPU
		{2B8B2B18-6D92-46FB-BBB7-E1AF4A8103DD}.Debug|Any CPU.Build.0 = Debug|Any CPU
		{2B8B2B18-6D92-46FB-BBB7-E1AF4A8103DD}.Release|Any CPU.ActiveCfg = Release|Any CPU
		{2B8B2B18-6D92-46FB-BBB7-E1AF4A8103DD}.Release|Any CPU.Build.0 = Release|Any CPU
	EndGlobalSection
	GlobalSection(SolutionProperties) = preSolution
		HideSolutionNode = FALSE
	EndGlobalSection
	GlobalSection(ExtensibilityGlobals) = postSolution
		SolutionGuid = {1CC428B5-C893-4857-85AF-E68094007661}
	EndGlobalSection
EndGlobal
